// !$*UTF8*$!
{
	archiveVersion = 1;
	classes = {
	};
	objectVersion = 46;
	objects = {

/* Begin PBXBuildFile section */
		6CFE55A71E84E7C6006DED6E /* 1.png in Resources */ = {isa = PBXBuildFile; fileRef = 6CFE55991E84E7C6006DED6E /* 1.png */; };
		6CFE55A81E84E7C6006DED6E /* 10.png in Resources */ = {isa = PBXBuildFile; fileRef = 6CFE559A1E84E7C6006DED6E /* 10.png */; };
		6CFE55A91E84E7C6006DED6E /* 11.png in Resources */ = {isa = PBXBuildFile; fileRef = 6CFE559B1E84E7C6006DED6E /* 11.png */; };
		6CFE55AA1E84E7C6006DED6E /* 12.png in Resources */ = {isa = PBXBuildFile; fileRef = 6CFE559C1E84E7C6006DED6E /* 12.png */; };
		6CFE55AB1E84E7C6006DED6E /* 13.png in Resources */ = {isa = PBXBuildFile; fileRef = 6CFE559D1E84E7C6006DED6E /* 13.png */; };
		6CFE55AC1E84E7C6006DED6E /* 14.png in Resources */ = {isa = PBXBuildFile; fileRef = 6CFE559E1E84E7C6006DED6E /* 14.png */; };
		6CFE55AD1E84E7C6006DED6E /* 2.png in Resources */ = {isa = PBXBuildFile; fileRef = 6CFE559F1E84E7C6006DED6E /* 2.png */; };
		6CFE55AE1E84E7C6006DED6E /* 3.png in Resources */ = {isa = PBXBuildFile; fileRef = 6CFE55A01E84E7C6006DED6E /* 3.png */; };
		6CFE55AF1E84E7C6006DED6E /* 4.png in Resources */ = {isa = PBXBuildFile; fileRef = 6CFE55A11E84E7C6006DED6E /* 4.png */; };
		6CFE55B01E84E7C6006DED6E /* 5.png in Resources */ = {isa = PBXBuildFile; fileRef = 6CFE55A21E84E7C6006DED6E /* 5.png */; };
		6CFE55B11E84E7C6006DED6E /* 6.png in Resources */ = {isa = PBXBuildFile; fileRef = 6CFE55A31E84E7C6006DED6E /* 6.png */; };
		6CFE55B21E84E7C6006DED6E /* 7.png in Resources */ = {isa = PBXBuildFile; fileRef = 6CFE55A41E84E7C6006DED6E /* 7.png */; };
		6CFE55B31E84E7C6006DED6E /* 8.png in Resources */ = {isa = PBXBuildFile; fileRef = 6CFE55A51E84E7C6006DED6E /* 8.png */; };
		6CFE55B41E84E7C6006DED6E /* 9.png in Resources */ = {isa = PBXBuildFile; fileRef = 6CFE55A61E84E7C6006DED6E /* 9.png */; };
		E9D12E3B1BAD1FC900563794 /* main.m in Sources */ = {isa = PBXBuildFile; fileRef = E9D12E3A1BAD1FC900563794 /* main.m */; };
		E9D12E3E1BAD1FC900563794 /* AppDelegate.m in Sources */ = {isa = PBXBuildFile; fileRef = E9D12E3D1BAD1FC900563794 /* AppDelegate.m */; };
		E9D12E411BAD1FC900563794 /* ViewController.m in Sources */ = {isa = PBXBuildFile; fileRef = E9D12E401BAD1FC900563794 /* ViewController.m */; };
		E9D12E441BAD1FC900563794 /* Main.storyboard in Resources */ = {isa = PBXBuildFile; fileRef = E9D12E421BAD1FC900563794 /* Main.storyboard */; };
		E9D12E461BAD1FC900563794 /* Images.xcassets in Resources */ = {isa = PBXBuildFile; fileRef = E9D12E451BAD1FC900563794 /* Images.xcassets */; };
		E9D12E491BAD1FCA00563794 /* LaunchScreen.xib in Resources */ = {isa = PBXBuildFile; fileRef = E9D12E471BAD1FCA00563794 /* LaunchScreen.xib */; };
		E9D12E551BAD1FCA00563794 /* __Tests.m in Sources */ = {isa = PBXBuildFile; fileRef = E9D12E541BAD1FCA00563794 /* __Tests.m */; };
		E9D12E611BAD201800563794 /* DISHUViewController.m in Sources */ = {isa = PBXBuildFile; fileRef = E9D12E5F1BAD201800563794 /* DISHUViewController.m */; };
		E9D12E621BAD201800563794 /* DISHUViewController.xib in Resources */ = {isa = PBXBuildFile; fileRef = E9D12E601BAD201800563794 /* DISHUViewController.xib */; };
		E9D12E661BAD208F00563794 /* LOGINViewController.m in Sources */ = {isa = PBXBuildFile; fileRef = E9D12E641BAD208F00563794 /* LOGINViewController.m */; };
		E9D12E671BAD208F00563794 /* LOGINViewController.xib in Resources */ = {isa = PBXBuildFile; fileRef = E9D12E651BAD208F00563794 /* LOGINViewController.xib */; };
		E9D12E6B1BAD27FA00563794 /* RESULTViewController.m in Sources */ = {isa = PBXBuildFile; fileRef = E9D12E691BAD27FA00563794 /* RESULTViewController.m */; };
		E9D12E6C1BAD27FA00563794 /* RESULTViewController.xib in Resources */ = {isa = PBXBuildFile; fileRef = E9D12E6A1BAD27FA00563794 /* RESULTViewController.xib */; };
/* End PBXBuildFile section */

/* Begin PBXContainerItemProxy section */
		E9D12E4F1BAD1FCA00563794 /* PBXContainerItemProxy */ = {
			isa = PBXContainerItemProxy;
			containerPortal = E9D12E2D1BAD1FC900563794 /* Project object */;
			proxyType = 1;
			remoteGlobalIDString = E9D12E341BAD1FC900563794;
			remoteInfo = "地鼠";
		};
/* End PBXContainerItemProxy section */

/* Begin PBXFileReference section */
		6CFE55991E84E7C6006DED6E /* 1.png */ = {isa = PBXFileReference; lastKnownFileType = image.png; path = 1.png; sourceTree = "<group>"; };
		6CFE559A1E84E7C6006DED6E /* 10.png */ = {isa = PBXFileReference; lastKnownFileType = image.png; path = 10.png; sourceTree = "<group>"; };
		6CFE559B1E84E7C6006DED6E /* 11.png */ = {isa = PBXFileReference; lastKnownFileType = image.png; path = 11.png; sourceTree = "<group>"; };
		6CFE559C1E84E7C6006DED6E /* 12.png */ = {isa = PBXFileReference; lastKnownFileType = image.png; path = 12.png; sourceTree = "<group>"; };
		6CFE559D1E84E7C6006DED6E /* 13.png */ = {isa = PBXFileReference; lastKnownFileType = image.png; path = 13.png; sourceTree = "<group>"; };
		6CFE559E1E84E7C6006DED6E /* 14.png */ = {isa = PBXFileReference; lastKnownFileType = image.png; path = 14.png; sourceTree = "<group>"; };
		6CFE559F1E84E7C6006DED6E /* 2.png */ = {isa = PBXFileReference; lastKnownFileType = image.png; path = 2.png; sourceTree = "<group>"; };
		6CFE55A01E84E7C6006DED6E /* 3.png */ = {isa = PBXFileReference; lastKnownFileType = image.png; path = 3.png; sourceTree = "<group>"; };
		6CFE55A11E84E7C6006DED6E /* 4.png */ = {isa = PBXFileReference; lastKnownFileType = image.png; path = 4.png; sourceTree = "<group>"; };
		6CFE55A21E84E7C6006DED6E /* 5.png */ = {isa = PBXFileReference; lastKnownFileType = image.png; path = 5.png; sourceTree = "<group>"; };
		6CFE55A31E84E7C6006DED6E /* 6.png */ = {isa = PBXFileReference; lastKnownFileType = image.png; path = 6.png; sourceTree = "<group>"; };
		6CFE55A41E84E7C6006DED6E /* 7.png */ = {isa = PBXFileReference; lastKnownFileType = image.png; path = 7.png; sourceTree = "<group>"; };
		6CFE55A51E84E7C6006DED6E /* 8.png */ = {isa = PBXFileReference; lastKnownFileType = image.png; path = 8.png; sourceTree = "<group>"; };
		6CFE55A61E84E7C6006DED6E /* 9.png */ = {isa = PBXFileReference; lastKnownFileType = image.png; path = 9.png; sourceTree = "<group>"; };
		E9D12E351BAD1FC900563794 /* 地鼠.app */ = {isa = PBXFileReference; explicitFileType = wrapper.application; includeInIndex = 0; path = "地鼠.app"; sourceTree = BUILT_PRODUCTS_DIR; };
		E9D12E391BAD1FC900563794 /* Info.plist */ = {isa = PBXFileReference; lastKnownFileType = text.plist.xml; path = Info.plist; sourceTree = "<group>"; };
		E9D12E3A1BAD1FC900563794 /* main.m */ = {isa = PBXFileReference; lastKnownFileType = sourcecode.c.objc; path = main.m; sourceTree = "<group>"; };
		E9D12E3C1BAD1FC900563794 /* AppDelegate.h */ = {isa = PBXFileReference; lastKnownFileType = sourcecode.c.h; path = AppDelegate.h; sourceTree = "<group>"; };
		E9D12E3D1BAD1FC900563794 /* AppDelegate.m */ = {isa = PBXFileReference; lastKnownFileType = sourcecode.c.objc; path = AppDelegate.m; sourceTree = "<group>"; };
		E9D12E3F1BAD1FC900563794 /* ViewController.h */ = {isa = PBXFileReference; lastKnownFileType = sourcecode.c.h; path = ViewController.h; sourceTree = "<group>"; };
		E9D12E401BAD1FC900563794 /* ViewController.m */ = {isa = PBXFileReference; lastKnownFileType = sourcecode.c.objc; path = ViewController.m; sourceTree = "<group>"; };
		E9D12E431BAD1FC900563794 /* Base */ = {isa = PBXFileReference; lastKnownFileType = file.storyboard; name = Base; path = Base.lproj/Main.storyboard; sourceTree = "<group>"; };
		E9D12E451BAD1FC900563794 /* Images.xcassets */ = {isa = PBXFileReference; lastKnownFileType = folder.assetcatalog; path = Images.xcassets; sourceTree = "<group>"; };
		E9D12E481BAD1FCA00563794 /* Base */ = {isa = PBXFileReference; lastKnownFileType = file.xib; name = Base; path = Base.lproj/LaunchScreen.xib; sourceTree = "<group>"; };
		E9D12E4E1BAD1FCA00563794 /* 地鼠Tests.xctest */ = {isa = PBXFileReference; explicitFileType = wrapper.cfbundle; includeInIndex = 0; path = "地鼠Tests.xctest"; sourceTree = BUILT_PRODUCTS_DIR; };
		E9D12E531BAD1FCA00563794 /* Info.plist */ = {isa = PBXFileReference; lastKnownFileType = text.plist.xml; path = Info.plist; sourceTree = "<group>"; };
		E9D12E541BAD1FCA00563794 /* __Tests.m */ = {isa = PBXFileReference; lastKnownFileType = sourcecode.c.objc; path = __Tests.m; sourceTree = "<group>"; };
		E9D12E5E1BAD201800563794 /* DISHUViewController.h */ = {isa = PBXFileReference; fileEncoding = 4; lastKnownFileType = sourcecode.c.h; path = DISHUViewController.h; sourceTree = "<group>"; };
		E9D12E5F1BAD201800563794 /* DISHUViewController.m */ = {isa = PBXFileReference; fileEncoding = 4; lastKnownFileType = sourcecode.c.objc; path = DISHUViewController.m; sourceTree = "<group>"; };
		E9D12E601BAD201800563794 /* DISHUViewController.xib */ = {isa = PBXFileReference; fileEncoding = 4; lastKnownFileType = file.xib; path = DISHUViewController.xib; sourceTree = "<group>"; };
		E9D12E631BAD208F00563794 /* LOGINViewController.h */ = {isa = PBXFileReference; fileEncoding = 4; lastKnownFileType = sourcecode.c.h; path = LOGINViewController.h; sourceTree = "<group>"; };
		E9D12E641BAD208F00563794 /* LOGINViewController.m */ = {isa = PBXFileReference; fileEncoding = 4; lastKnownFileType = sourcecode.c.objc; path = LOGINViewController.m; sourceTree = "<group>"; };
		E9D12E651BAD208F00563794 /* LOGINViewController.xib */ = {isa = PBXFileReference; fileEncoding = 4; lastKnownFileType = file.xib; path = LOGINViewController.xib; sourceTree = "<group>"; };
		E9D12E681BAD27FA00563794 /* RESULTViewController.h */ = {isa = PBXFileReference; fileEncoding = 4; lastKnownFileType = sourcecode.c.h; path = RESULTViewController.h; sourceTree = "<group>"; };
		E9D12E691BAD27FA00563794 /* RESULTViewController.m */ = {isa = PBXFileReference; fileEncoding = 4; lastKnownFileType = sourcecode.c.objc; path = RESULTViewController.m; sourceTree = "<group>"; };
		E9D12E6A1BAD27FA00563794 /* RESULTViewController.xib */ = {isa = PBXFileReference; fileEncoding = 4; lastKnownFileType = file.xib; path = RESULTViewController.xib; sourceTree = "<group>"; };
/* End PBXFileReference section */

/* Begin PBXFrameworksBuildPhase section */
		E9D12E321BAD1FC900563794 /* Frameworks */ = {
			isa = PBXFrameworksBuildPhase;
			buildActionMask = 2147483647;
			files = (
			);
			runOnlyForDeploymentPostprocessing = 0;
		};
		E9D12E4B1BAD1FCA00563794 /* Frameworks */ = {
			isa = PBXFrameworksBuildPhase;
			buildActionMask = 2147483647;
			files = (
			);
			runOnlyForDeploymentPostprocessing = 0;
		};
/* End PBXFrameworksBuildPhase section */

/* Begin PBXGroup section */
		6CFE55981E84E7C6006DED6E /* image */ = {
			isa = PBXGroup;
			children = (
				6CFE55991E84E7C6006DED6E /* 1.png */,
				6CFE559A1E84E7C6006DED6E /* 10.png */,
				6CFE559B1E84E7C6006DED6E /* 11.png */,
				6CFE559C1E84E7C6006DED6E /* 12.png */,
				6CFE559D1E84E7C6006DED6E /* 13.png */,
				6CFE559E1E84E7C6006DED6E /* 14.png */,
				6CFE559F1E84E7C6006DED6E /* 2.png */,
				6CFE55A01E84E7C6006DED6E /* 3.png */,
				6CFE55A11E84E7C6006DED6E /* 4.png */,
				6CFE55A21E84E7C6006DED6E /* 5.png */,
				6CFE55A31E84E7C6006DED6E /* 6.png */,
				6CFE55A41E84E7C6006DED6E /* 7.png */,
				6CFE55A51E84E7C6006DED6E /* 8.png */,
				6CFE55A61E84E7C6006DED6E /* 9.png */,
			);
			path = image;
			sourceTree = "<group>";
		};
		E9D12E2C1BAD1FC900563794 = {
			isa = PBXGroup;
			children = (
				E9D12E371BAD1FC900563794 /* 地鼠 */,
				E9D12E511BAD1FCA00563794 /* 地鼠Tests */,
				E9D12E361BAD1FC900563794 /* Products */,
			);
			sourceTree = "<group>";
		};
		E9D12E361BAD1FC900563794 /* Products */ = {
			isa = PBXGroup;
			children = (
				E9D12E351BAD1FC900563794 /* 地鼠.app */,
				E9D12E4E1BAD1FCA00563794 /* 地鼠Tests.xctest */,
			);
			name = Products;
			sourceTree = "<group>";
		};
		E9D12E371BAD1FC900563794 /* 地鼠 */ = {
			isa = PBXGroup;
			children = (
				6CFE55981E84E7C6006DED6E /* image */,
				E9D12E3C1BAD1FC900563794 /* AppDelegate.h */,
				E9D12E3D1BAD1FC900563794 /* AppDelegate.m */,
				E9D12E631BAD208F00563794 /* LOGINViewController.h */,
				E9D12E641BAD208F00563794 /* LOGINViewController.m */,
				E9D12E651BAD208F00563794 /* LOGINViewController.xib */,
				E9D12E5E1BAD201800563794 /* DISHUViewController.h */,
				E9D12E5F1BAD201800563794 /* DISHUViewController.m */,
				E9D12E601BAD201800563794 /* DISHUViewController.xib */,
				E9D12E681BAD27FA00563794 /* RESULTViewController.h */,
				E9D12E691BAD27FA00563794 /* RESULTViewController.m */,
				E9D12E6A1BAD27FA00563794 /* RESULTViewController.xib */,
				E9D12E3F1BAD1FC900563794 /* ViewController.h */,
				E9D12E401BAD1FC900563794 /* ViewController.m */,
				E9D12E421BAD1FC900563794 /* Main.storyboard */,
				E9D12E451BAD1FC900563794 /* Images.xcassets */,
				E9D12E471BAD1FCA00563794 /* LaunchScreen.xib */,
				E9D12E381BAD1FC900563794 /* Supporting Files */,
			);
			path = "地鼠";
			sourceTree = "<group>";
		};
		E9D12E381BAD1FC900563794 /* Supporting Files */ = {
			isa = PBXGroup;
			children = (
				E9D12E391BAD1FC900563794 /* Info.plist */,
				E9D12E3A1BAD1FC900563794 /* main.m */,
			);
			name = "Supporting Files";
			sourceTree = "<group>";
		};
		E9D12E511BAD1FCA00563794 /* 地鼠Tests */ = {
			isa = PBXGroup;
			children = (
				E9D12E541BAD1FCA00563794 /* __Tests.m */,
				E9D12E521BAD1FCA00563794 /* Supporting Files */,
			);
			path = "地鼠Tests";
			sourceTree = "<group>";
		};
		E9D12E521BAD1FCA00563794 /* Supporting Files */ = {
			isa = PBXGroup;
			children = (
				E9D12E531BAD1FCA00563794 /* Info.plist */,
			);
			name = "Supporting Files";
			sourceTree = "<group>";
		};
/* End PBXGroup section */

/* Begin PBXNativeTarget section */
		E9D12E341BAD1FC900563794 /* 地鼠 */ = {
			isa = PBXNativeTarget;
			buildConfigurationList = E9D12E581BAD1FCA00563794 /* Build configuration list for PBXNativeTarget "地鼠" */;
			buildPhases = (
				E9D12E311BAD1FC900563794 /* Sources */,
				E9D12E321BAD1FC900563794 /* Frameworks */,
				E9D12E331BAD1FC900563794 /* Resources */,
			);
			buildRules = (
			);
			dependencies = (
			);
			name = "地鼠";
			productName = "地鼠";
			productReference = E9D12E351BAD1FC900563794 /* 地鼠.app */;
			productType = "com.apple.product-type.application";
		};
		E9D12E4D1BAD1FCA00563794 /* 地鼠Tests */ = {
			isa = PBXNativeTarget;
			buildConfigurationList = E9D12E5B1BAD1FCA00563794 /* Build configuration list for PBXNativeTarget "地鼠Tests" */;
			buildPhases = (
				E9D12E4A1BAD1FCA00563794 /* Sources */,
				E9D12E4B1BAD1FCA00563794 /* Frameworks */,
				E9D12E4C1BAD1FCA00563794 /* Resources */,
			);
			buildRules = (
			);
			dependencies = (
				E9D12E501BAD1FCA00563794 /* PBXTargetDependency */,
			);
			name = "地鼠Tests";
			productName = "地鼠Tests";
			productReference = E9D12E4E1BAD1FCA00563794 /* 地鼠Tests.xctest */;
			productType = "com.apple.product-type.bundle.unit-test";
		};
/* End PBXNativeTarget section */

/* Begin PBXProject section */
		E9D12E2D1BAD1FC900563794 /* Project object */ = {
			isa = PBXProject;
			attributes = {
				LastUpgradeCheck = 0820;
				ORGANIZATIONNAME = zhongruan;
				TargetAttributes = {
					E9D12E341BAD1FC900563794 = {
						CreatedOnToolsVersion = 6.3.1;
					};
					E9D12E4D1BAD1FCA00563794 = {
						CreatedOnToolsVersion = 6.3.1;
						TestTargetID = E9D12E341BAD1FC900563794;
					};
				};
			};
			buildConfigurationList = E9D12E301BAD1FC900563794 /* Build configuration list for PBXProject "地鼠" */;
			compatibilityVersion = "Xcode 3.2";
			developmentRegion = English;
			hasScannedForEncodings = 0;
			knownRegions = (
				en,
				Base,
			);
			mainGroup = E9D12E2C1BAD1FC900563794;
			productRefGroup = E9D12E361BAD1FC900563794 /* Products */;
			projectDirPath = "";
			projectRoot = "";
			targets = (
				E9D12E341BAD1FC900563794 /* 地鼠 */,
				E9D12E4D1BAD1FCA00563794 /* 地鼠Tests */,
			);
		};
/* End PBXProject section */

/* Begin PBXResourcesBuildPhase section */
		E9D12E331BAD1FC900563794 /* Resources */ = {
			isa = PBXResourcesBuildPhase;
			buildActionMask = 2147483647;
			files = (
				6CFE55AD1E84E7C6006DED6E /* 2.png in Resources */,
				6CFE55AA1E84E7C6006DED6E /* 12.png in Resources */,
				E9D12E621BAD201800563794 /* DISHUViewController.xib in Resources */,
				6CFE55AF1E84E7C6006DED6E /* 4.png in Resources */,
				E9D12E6C1BAD27FA00563794 /* RESULTViewController.xib in Resources */,
				6CFE55A81E84E7C6006DED6E /* 10.png in Resources */,
				6CFE55B11E84E7C6006DED6E /* 6.png in Resources */,
				6CFE55B31E84E7C6006DED6E /* 8.png in Resources */,
				6CFE55AE1E84E7C6006DED6E /* 3.png in Resources */,
				E9D12E441BAD1FC900563794 /* Main.storyboard in Resources */,
				6CFE55B21E84E7C6006DED6E /* 7.png in Resources */,
				6CFE55AB1E84E7C6006DED6E /* 13.png in Resources */,
				6CFE55A91E84E7C6006DED6E /* 11.png in Resources */,
				6CFE55B41E84E7C6006DED6E /* 9.png in Resources */,
				E9D12E491BAD1FCA00563794 /* LaunchScreen.xib in Resources */,
				E9D12E671BAD208F00563794 /* LOGINViewController.xib in Resources */,
				E9D12E461BAD1FC900563794 /* Images.xcassets in Resources */,
				6CFE55B01E84E7C6006DED6E /* 5.png in Resources */,
				6CFE55AC1E84E7C6006DED6E /* 14.png in Resources */,
				6CFE55A71E84E7C6006DED6E /* 1.png in Resources */,
			);
			runOnlyForDeploymentPostprocessing = 0;
		};
		E9D12E4C1BAD1FCA00563794 /* Resources */ = {
			isa = PBXResourcesBuildPhase;
			buildActionMask = 2147483647;
			files = (
			);
			runOnlyForDeploymentPostprocessing = 0;
		};
/* End PBXResourcesBuildPhase section */

/* Begin PBXSourcesBuildPhase section */
		E9D12E311BAD1FC900563794 /* Sources */ = {
			isa = PBXSourcesBuildPhase;
			buildActionMask = 2147483647;
			files = (
				E9D12E611BAD201800563794 /* DISHUViewController.m in Sources */,
				E9D12E411BAD1FC900563794 /* ViewController.m in Sources */,
				E9D12E3E1BAD1FC900563794 /* AppDelegate.m in Sources */,
				E9D12E6B1BAD27FA00563794 /* RESULTViewController.m in Sources */,
				E9D12E3B1BAD1FC900563794 /* main.m in Sources */,
				E9D12E661BAD208F00563794 /* LOGINViewController.m in Sources */,
			);
			runOnlyForDeploymentPostprocessing = 0;
		};
		E9D12E4A1BAD1FCA00563794 /* Sources */ = {
			isa = PBXSourcesBuildPhase;
			buildActionMask = 2147483647;
			files = (
				E9D12E551BAD1FCA00563794 /* __Tests.m in Sources */,
			);
			runOnlyForDeploymentPostprocessing = 0;
		};
/* End PBXSourcesBuildPhase section */

/* Begin PBXTargetDependency section */
		E9D12E501BAD1FCA00563794 /* PBXTargetDependency */ = {
			isa = PBXTargetDependency;
			target = E9D12E341BAD1FC900563794 /* 地鼠 */;
			targetProxy = E9D12E4F1BAD1FCA00563794 /* PBXContainerItemProxy */;
		};
/* End PBXTargetDependency section */

/* Begin PBXVariantGroup section */
		E9D12E421BAD1FC900563794 /* Main.storyboard */ = {
			isa = PBXVariantGroup;
			children = (
				E9D12E431BAD1FC900563794 /* Base */,
			);
			name = Main.storyboard;
			sourceTree = "<group>";
		};
		E9D12E471BAD1FCA00563794 /* LaunchScreen.xib */ = {
			isa = PBXVariantGroup;
			children = (
				E9D12E481BAD1FCA00563794 /* Base */,
			);
			name = LaunchScreen.xib;
			sourceTree = "<group>";
		};
/* End PBXVariantGroup section */

/* Begin XCBuildConfiguration section */
		E9D12E561BAD1FCA00563794 /* Debug */ = {
			isa = XCBuildConfiguration;
			buildSettings = {
				ALWAYS_SEARCH_USER_PATHS = NO;
				CLANG_CXX_LANGUAGE_STANDARD = "gnu++0x";
				CLANG_CXX_LIBRARY = "libc++";
				CLANG_ENABLE_MODULES = YES;
				CLANG_ENABLE_OBJC_ARC = YES;
				CLANG_WARN_BOOL_CONVERSION = YES;
				CLANG_WARN_CONSTANT_CONVERSION = YES;
				CLANG_WARN_DIRECT_OBJC_ISA_USAGE = YES_ERROR;
				CLANG_WARN_EMPTY_BODY = YES;
				CLANG_WARN_ENUM_CONVERSION = YES;
				CLANG_WARN_INFINITE_RECURSION = YES;
				CLANG_WARN_INT_CONVERSION = YES;
				CLANG_WARN_OBJC_ROOT_CLASS = YES_ERROR;
				CLANG_WARN_SUSPICIOUS_MOVE = YES;
				CLANG_WARN_UNREACHABLE_CODE = YES;
				CLANG_WARN__DUPLICATE_METHOD_MATCH = YES;
				"CODE_SIGN_IDENTITY[sdk=iphoneos*]" = "iPhone Developer";
				COPY_PHASE_STRIP = NO;
				DEBUG_INFORMATION_FORMAT = "dwarf-with-dsym";
				ENABLE_STRICT_OBJC_MSGSEND = YES;
				ENABLE_TESTABILITY = YES;
				GCC_C_LANGUAGE_STANDARD = gnu99;
				GCC_DYNAMIC_NO_PIC = NO;
				GCC_NO_COMMON_BLOCKS = YES;
				GCC_OPTIMIZATION_LEVEL = 0;
				GCC_PREPROCESSOR_DEFINITIONS = (
					"DEBUG=1",
					"$(inherited)",
				);
				GCC_SYMBOLS_PRIVATE_EXTERN = NO;
				GCC_WARN_64_TO_32_BIT_CONVERSION = YES;
				GCC_WARN_ABOUT_RETURN_TYPE = YES_ERROR;
				GCC_WARN_UNDECLARED_SELECTOR = YES;
				GCC_WARN_UNINITIALIZED_AUTOS = YES_AGGRESSIVE;
				GCC_WARN_UNUSED_FUNCTION = YES;
				GCC_WARN_UNUSED_VARIABLE = YES;
				IPHONEOS_DEPLOYMENT_TARGET = 8.3;
				MTL_ENABLE_DEBUG_INFO = YES;
				ONLY_ACTIVE_ARCH = YES;
				SDKROOT = iphoneos;
				TARGETED_DEVICE_FAMILY = "1,2";
			};
			name = Debug;
		};
		E9D12E571BAD1FCA00563794 /* Release */ = {
			isa = XCBuildConfiguration;
			buildSettings = {
				ALWAYS_SEARCH_USER_PATHS = NO;
				CLANG_CXX_LANGUAGE_STANDARD = "gnu++0x";
				CLANG_CXX_LIBRARY = "libc++";
				CLANG_ENABLE_MODULES = YES;
				CLANG_ENABLE_OBJC_ARC = YES;
				CLANG_WARN_BOOL_CONVERSION = YES;
				CLANG_WARN_CONSTANT_CONVERSION = YES;
				CLANG_WARN_DIRECT_OBJC_ISA_USAGE = YES_ERROR;
				CLANG_WARN_EMPTY_BODY = YES;
				CLANG_WARN_ENUM_CONVERSION = YES;
				CLANG_WARN_INFINITE_RECURSION = YES;
				CLANG_WARN_INT_CONVERSION = YES;
				CLANG_WARN_OBJC_ROOT_CLASS = YES_ERROR;
				CLANG_WARN_SUSPICIOUS_MOVE = YES;
				CLANG_WARN_UNREACHABLE_CODE = YES;
				CLANG_WARN__DUPLICATE_METHOD_MATCH = YES;
				"CODE_SIGN_IDENTITY[sdk=iphoneos*]" = "iPhone Developer";
				COPY_PHASE_STRIP = NO;
				DEBUG_INFORMATION_FORMAT = "dwarf-with-dsym";
				ENABLE_NS_ASSERTIONS = NO;
				ENABLE_STRICT_OBJC_MSGSEND = YES;
				GCC_C_LANGUAGE_STANDARD = gnu99;
				GCC_NO_COMMON_BLOCKS = YES;
				GCC_WARN_64_TO_32_BIT_CONVERSION = YES;
				GCC_WARN_ABOUT_RETURN_TYPE = YES_ERROR;
				GCC_WARN_UNDECLARED_SELECTOR = YES;
				GCC_WARN_UNINITIALIZED_AUTOS = YES_AGGRESSIVE;
				GCC_WARN_UNUSED_FUNCTION = YES;
				GCC_WARN_UNUSED_VARIABLE = YES;
				IPHONEOS_DEPLOYMENT_TARGET = 8.3;
				MTL_ENABLE_DEBUG_INFO = NO;
				SDKROOT = iphoneos;
				TARGETED_DEVICE_FAMILY = "1,2";
				VALIDATE_PRODUCT = YES;
			};
			name = Release;
		};
		E9D12E591BAD1FCA00563794 /* Debug */ = {
			isa = XCBuildConfiguration;
			buildSettings = {
				ASSETCATALOG_COMPILER_APPICON_NAME = AppIcon;
				INFOPLIST_FILE = "地鼠/Info.plist";
				LD_RUNPATH_SEARCH_PATHS = "$(inherited) @executable_path/Frameworks";
				PRODUCT_BUNDLE_IDENTIFIER = "zhongruan.$(PRODUCT_NAME:rfc1034identifier)";
				PRODUCT_NAME = "$(TARGET_NAME)";
			};
			name = Debug;
		};
		E9D12E5A1BAD1FCA00563794 /* Release */ = {
			isa = XCBuildConfiguration;
			buildSettings = {
				ASSETCATALOG_COMPILER_APPICON_NAME = AppIcon;
				INFOPLIST_FILE = "地鼠/Info.plist";
				LD_RUNPATH_SEARCH_PATHS = "$(inherited) @executable_path/Frameworks";
				PRODUCT_BUNDLE_IDENTIFIER = "zhongruan.$(PRODUCT_NAME:rfc1034identifier)";
				PRODUCT_NAME = "$(TARGET_NAME)";
			};
			name = Release;
		};
		E9D12E5C1BAD1FCA00563794 /* Debug */ = {
			isa = XCBuildConfiguration;
			buildSettings = {
				BUNDLE_LOADER = "$(TEST_HOST)";
				FRAMEWORK_SEARCH_PATHS = (
					"$(SDKROOT)/Developer/Library/Frameworks",
					"$(inherited)",
				);
				GCC_PREPROCESSOR_DEFINITIONS = (
					"DEBUG=1",
					"$(inherited)",
				);
				INFOPLIST_FILE = "地鼠Tests/Info.plist";
				LD_RUNPATH_SEARCH_PATHS = "$(inherited) @executable_path/Frameworks @loader_path/Frameworks";
				PRODUCT_BUNDLE_IDENTIFIER = "zhongruan.$(PRODUCT_NAME:rfc1034identifier)";
				PRODUCT_NAME = "$(TARGET_NAME)";
				TEST_HOST = "$(BUILT_PRODUCTS_DIR)/地鼠.app/地鼠";
			};
			name = Debug;
		};
		E9D12E5D1BAD1FCA00563794 /* Release */ = {
			isa = XCBuildConfiguration;
			buildSettings = {
				BUNDLE_LOADER = "$(TEST_HOST)";
				FRAMEWORK_SEARCH_PATHS = (
					"$(SDKROOT)/Developer/Library/Frameworks",
					"$(inherited)",
				);
				INFOPLIST_FILE = "地鼠Tests/Info.plist";
				LD_RUNPATH_SEARCH_PATHS = "$(inherited) @executable_path/Frameworks @loader_path/Frameworks";
				PRODUCT_BUNDLE_IDENTIFIER = "zhongruan.$(PRODUCT_NAME:rfc1034identifier)";
				PRODUCT_NAME = "$(TARGET_NAME)";
				TEST_HOST = "$(BUILT_PRODUCTS_DIR)/地鼠.app/地鼠";
			};
			name = Release;
		};
/* End XCBuildConfiguration section */

/* Begin XCConfigurationList section */
		E9D12E301BAD1FC900563794 /* Build configuration list for PBXProject "地鼠" */ = {
			isa = XCConfigurationList;
			buildConfigurations = (
				E9D12E561BAD1FCA00563794 /* Debug */,
				E9D12E571BAD1FCA00563794 /* Release */,
			);
			defaultConfigurationIsVisible = 0;
			defaultConfigurationName = Release;
		};
		E9D12E581BAD1FCA00563794 /* Build configuration list for PBXNativeTarget "地鼠" */ = {
			isa = XCConfigurationList;
			buildConfigurations = (
				E9D12E591BAD1FCA00563794 /* Debug */,
				E9D12E5A1BAD1FCA00563794 /* Release */,
			);
			defaultConfigurationIsVisible = 0;
			defaultConfigurationName = Release;
		};
		E9D12E5B1BAD1FCA00563794 /* Build configuration list for PBXNativeTarget "地鼠Tests" */ = {
			isa = XCConfigurationList;
			buildConfigurations = (
				E9D12E5C1BAD1FCA00563794 /* Debug */,
				E9D12E5D1BAD1FCA00563794 /* Release */,
			);
			defaultConfigurationIsVisible = 0;
			defaultConfigurationName = Release;
		};
/* End XCConfigurationList section */
	};
	rootObject = E9D12E2D1BAD1FC900563794 /* Project object */;
}
